<?xml version="1.0" encoding="utf-8"?>
<Project ToolsVersion="4.0" xmlns="http://schemas.microsoft.com/developer/msbuild/2003">
  <ItemGroup>
    <Filter Include="Source Files">
      <UniqueIdentifier>{4FC737F1-C7A5-4376-A066-2A32D752A2FF}</UniqueIdentifier>
      <Extensions>cpp;c;cc;cxx;def;odl;idl;hpj;bat;asm;asmx</Extensions>
    </Filter>
    <Filter Include="Header Files">
      <UniqueIdentifier>{93995380-89BD-4b04-88EB-625FBE52EBFB}</UniqueIdentifier>
      <Extensions>h;hh;hpp;hxx;hm;inl;inc;xsd</Extensions>
    </Filter>
    <Filter Include="Resource Files">
      <UniqueIdentifier>{67DA6AB6-F800-4c08-8B7A-83BB121AAD01}</UniqueIdentifier>
      <Extensions>rc;ico;cur;bmp;dlg;rc2;rct;bin;rgs;gif;jpg;jpeg;jpe;resx;tiff;tif;png;wav;mfcribbon-ms</Extensions>
    </Filter>
    <Filter Include="Header Files\Graphical Objects">
      <UniqueIdentifier>{f51115d6-cfb4-4b83-ac96-36a1d732ddfb}</UniqueIdentifier>
    </Filter>
    <Filter Include="Source Files\Graphical Objects">
      <UniqueIdentifier>{ee7446ea-eacf-4062-b71e-25b3c610aa76}</UniqueIdentifier>
    </Filter>
    <Filter Include="Source Files\Game Objects">
      <UniqueIdentifier>{24b559f1-6644-4a4b-998e-2b237b9a8738}</UniqueIdentifier>
    </Filter>
    <Filter Include="Header Files\Game Objects">
      <UniqueIdentifier>{9685b133-3fdb-48c1-81c2-566b8f1b9b0d}</UniqueIdentifier>
    </Filter>
    <Filter Include="Header Files\Game Objects\Pickups">
      <UniqueIdentifier>{d3121c41-14c0-4901-8d0a-5663cd5271aa}</UniqueIdentifier>
    </Filter>
    <Filter Include="Source Files\Game Objects\Pickups">
      <UniqueIdentifier>{8b180fb1-eae6-411b-bc2f-3b204a668810}</UniqueIdentifier>
    </Filter>
  </ItemGroup>
  <ItemGroup>
    <ClCompile Include="main.cpp">
      <Filter>Source Files</Filter>
    </ClCompile>
    <ClCompile Include="Game.cpp">
      <Filter>Source Files\Game Objects</Filter>
    </ClCompile>
    <ClCompile Include="Console.cpp">
      <Filter>Source Files\Graphical Objects</Filter>
    </ClCompile>
    <ClCompile Include="Fighter.cpp">
      <Filter>Source Files\Game Objects</Filter>
    </ClCompile>
    <ClCompile Include="Asteroid.cpp">
      <Filter>Source Files\Game Objects</Filter>
    </ClCompile>
    <ClCompile Include="Laser.cpp">
      <Filter>Source Files\Game Objects</Filter>
    </ClCompile>
    <ClCompile Include="Graphic.cpp">
      <Filter>Source Files\Graphical Objects</Filter>
    </ClCompile>
    <ClCompile Include="Text.cpp">
      <Filter>Source Files\Graphical Objects</Filter>
    </ClCompile>
    <ClCompile Include="Entity.cpp">
      <Filter>Source Files\Game Objects</Filter>
    </ClCompile>
    <ClCompile Include="Explosion.cpp">
      <Filter>Source Files\Game Objects</Filter>
    </ClCompile>
    <ClCompile Include="LifePickup.cpp">
      <Filter>Source Files\Game Objects\Pickups</Filter>
    </ClCompile>
    <ClCompile Include="Pickup.cpp">
      <Filter>Source Files\Game Objects\Pickups</Filter>
    </ClCompile>
    <ClCompile Include="NukePickup.cpp">
      <Filter>Source Files\Game Objects\Pickups</Filter>
    </ClCompile>
    <ClCompile Include="InvulnerabilityPickup.cpp">
      <Filter>Source Files\Game Objects\Pickups</Filter>
    </ClCompile>
    <ClCompile Include="RapidFirePickup.cpp">
      <Filter>Source Files\Game Objects\Pickups</Filter>
    </ClCompile>
  </ItemGroup>
  <ItemGroup>
    <ClInclude Include="Asteroid.h">
      <Filter>Header Files\Game Objects</Filter>
    </ClInclude>
    <ClInclude Include="Entity.h">
      <Filter>Header Files\Game Objects</Filter>
    </ClInclude>
    <ClInclude Include="Fighter.h">
      <Filter>Header Files\Game Objects</Filter>
    </ClInclude>
    <ClInclude Include="Game.h">
      <Filter>Header Files\Game Objects</Filter>
    </ClInclude>
    <ClInclude Include="Laser.h">
      <Filter>Header Files\Game Objects</Filter>
    </ClInclude>
    <ClInclude Include="Console.h">
      <Filter>Header Files\Graphical Objects</Filter>
    </ClInclude>
    <ClInclude Include="Text.h">
      <Filter>Header Files\Graphical Objects</Filter>
    </ClInclude>
    <ClInclude Include="Graphic.h">
      <Filter>Header Files\Graphical Objects</Filter>
    </ClInclude>
    <ClInclude Include="Explosion.h">
      <Filter>Header Files\Game Objects</Filter>
    </ClInclude>
    <ClInclude Include="Pickup.h">
      <Filter>Header Files\Game Objects\Pickups</Filter>
    </ClInclude>
    <ClInclude Include="LifePickup.h">
      <Filter>Header Files\Game Objects\Pickups</Filter>
    </ClInclude>
    <ClInclude Include="NukePickup.h">
      <Filter>Header Files\Game Objects\Pickups</Filter>
    </ClInclude>
    <ClInclude Include="InvulnerabilityPickup.h">
      <Filter>Header Files\Game Objects\Pickups</Filter>
    </ClInclude>
    <ClInclude Include="RapidFirePickup.h">
      <Filter>Header Files\Game Objects\Pickups</Filter>
    </ClInclude>
  </ItemGroup>
</Project>